{
  "name": "application-name",
  "version": "0.0.1",
  "lockfileVersion": 1,
  "requires": true,
  "dependencies": {
    "abbrev": {
      "version": "1.1.1",
      "resolved": "https://registry.npmjs.org/abbrev/-/abbrev-1.1.1.tgz",
      "integrity": "sha512-nne9/IiQ/hzIhY6pdDnbBtz7DjPTKrY00P/zvPSm5pOFkl6xuGrGnXn/VtTNNfNtAfZ9/1RtehkszU9qcTii0Q=="
    },
    "buffer-crc32": {
      "version": "0.2.1",
      "resolved": "https://registry.npmjs.org/buffer-crc32/-/buffer-crc32-0.2.1.tgz",
      "integrity": "sha1-vj5TgvwCttYySVasGvmKqYsIU0w="
    },
    "bytes": {
      "version": "0.2.0",
      "resolved": "https://registry.npmjs.org/bytes/-/bytes-0.2.0.tgz",
      "integrity": "sha1-qtM+wU49wsp06OfUUfm6BTrU96A="
    },
    "commander": {
      "version": "0.6.1",
      "resolved": "https://registry.npmjs.org/commander/-/commander-0.6.1.tgz",
      "integrity": "sha1-+mihT2qUXVTbvlDYzbMyDp47GgY="
    },
    "connect": {
      "version": "2.7.11",
      "resolved": "https://registry.npmjs.org/connect/-/connect-2.7.11.tgz",
      "integrity": "sha1-9WHV7vcLjXGcOX9yTTS6QGXHej4=",
      "requires": {
        "buffer-crc32": "0.2.1",
        "bytes": "0.2.0",
        "cookie": "0.0.5",
        "cookie-signature": "1.0.1",
        "debug": "3.1.0",
        "formidable": "1.0.14",
        "fresh": "0.1.0",
        "pause": "0.0.1",
        "qs": "0.6.5",
        "send": "0.1.1"
      },
      "dependencies": {
        "cookie": {
          "version": "0.0.5",
          "resolved": "https://registry.npmjs.org/cookie/-/cookie-0.0.5.tgz",
          "integrity": "sha1-+az521frdWjJ/MWWJWt7si4wfIE="
        },
        "send": {
          "version": "0.1.1",
          "resolved": "https://registry.npmjs.org/send/-/send-0.1.1.tgz",
          "integrity": "sha1-C8/L0D3vbi2GEuGr+PSJW0UMYMg=",
          "requires": {
            "debug": "3.1.0",
            "fresh": "0.1.0",
            "mime": "1.2.11",
            "range-parser": "0.0.4"
          }
        }
      }
    },
    "cookie": {
      "version": "0.1.0",
      "resolved": "https://registry.npmjs.org/cookie/-/cookie-0.1.0.tgz",
      "integrity": "sha1-kOtGndzpBchm3mh+/EMTHYgB+dA="
    },
    "cookie-signature": {
      "version": "1.0.1",
      "resolved": "https://registry.npmjs.org/cookie-signature/-/cookie-signature-1.0.1.tgz",
      "integrity": "sha1-ROByFIrwHm6OJK+/EmkNaK5pjss="
    },
    "debug": {
      "version": "3.1.0",
      "resolved": "https://registry.npmjs.org/debug/-/debug-3.1.0.tgz",
      "integrity": "sha512-OX8XqP7/1a9cqkxYw2yXss15f26NKWBpDXQd0/uK/KPqdQhxbPa994hnzjcE2VqQpDslf55723cKPUOGSmMY3g==",
      "requires": {
        "ms": "2.0.0"
      }
    },
    "express": {
      "version": "3.2.6",
      "resolved": "https://registry.npmjs.org/express/-/express-3.2.6.tgz",
      "integrity": "sha1-2Kn+BlrcI8W0HsLGicZysmFDD/w=",
      "requires": {
        "buffer-crc32": "0.2.1",
        "commander": "0.6.1",
        "connect": "2.7.11",
        "cookie": "0.1.0",
        "cookie-signature": "1.0.1",
        "debug": "3.1.0",
        "fresh": "0.1.0",
        "methods": "0.0.1",
        "mkdirp": "0.3.4",
        "range-parser": "0.0.4",
        "send": "0.1.0"
      },
      "dependencies": {
        "mkdirp": {
          "version": "0.3.4",
          "resolved": "https://registry.npmjs.org/mkdirp/-/mkdirp-0.3.4.tgz",
          "integrity": "sha1-+MgdITtymaAx8ZOlfXUqF9L2x9g="
        }
      }
    },
    "formidable": {
      "version": "1.0.14",
      "resolved": "https://registry.npmjs.org/formidable/-/formidable-1.0.14.tgz",
      "integrity": "sha1-Kz9MQRy7X91pXESEPiojUUpDIxo="
    },
    "fresh": {
      "version": "0.1.0",
      "resolved": "https://registry.npmjs.org/fresh/-/fresh-0.1.0.tgz",
      "integrity": "sha1-A+SwF4Qk5MLV0ZpU2IFM3JeTSFA="
    },
    "hjs": {
      "version": "0.0.4",
      "resolved": "https://registry.npmjs.org/hjs/-/hjs-0.0.4.tgz",
      "integrity": "sha1-Bvcb/ffiT2bKPcx55sQKhSkeftI=",
      "requires": {
        "hogan.js": "3.0.2"
      },
      "dependencies": {
        "hogan.js": {
          "version": "3.0.2",
          "resolved": "https://registry.npmjs.org/hogan.js/-/hogan.js-3.0.2.tgz",
          "integrity": "sha1-TNnhq9QpQUbnZ55B14mHMrAse/0=",
          "requires": {
            "mkdirp": "0.3.0",
            "nopt": "1.0.10"
          },
          "dependencies": {
            "mkdirp": {
              "version": "0.3.0",
              "resolved": "https://registry.npmjs.org/mkdirp/-/mkdirp-0.3.0.tgz",
              "integrity": "sha1-G79asbqCevI1dRQ0kEJkVfSB/h4="
            },
            "nopt": {
              "version": "1.0.10",
              "resolved": "https://registry.npmjs.org/nopt/-/nopt-1.0.10.tgz",
              "integrity": "sha1-bd0hvSoxQXuScn3Vhfim83YI6+4=",
              "requires": {
                "abbrev": "1.0.7"
              },
              "dependencies": {
                "abbrev": {
                  "version": "1.0.7",
                  "resolved": "https://registry.npmjs.org/abbrev/-/abbrev-1.0.7.tgz",
                  "integrity": "sha1-W2A1su6dT7XPhZ8Iqb6BsghJGEM="
                }
              }
            }
          }
        }
      }
    },
    "hogan-express": {
      "version": "0.5.2",
      "resolved": "https://registry.npmjs.org/hogan-express/-/hogan-express-0.5.2.tgz",
      "integrity": "sha1-UplKyEKkI9ThB1GBuaMkfeNpUOs=",
      "requires": {
        "hogan.js": "3.0.2"
      }
    },
    "hogan.js": {
      "version": "3.0.2",
      "resolved": "https://registry.npmjs.org/hogan.js/-/hogan.js-3.0.2.tgz",
      "integrity": "sha1-TNnhq9QpQUbnZ55B14mHMrAse/0=",
      "requires": {
        "mkdirp": "0.3.0",
        "nopt": "1.0.10"
      }
    },
    "is-property": {
      "version": "1.0.2",
      "resolved": "https://registry.npmjs.org/is-property/-/is-property-1.0.2.tgz",
      "integrity": "sha1-V/4cTkhHTt1lsJkR8msc1Ald2oQ=",
      "optional": true
    },
    "less-middleware": {
      "version": "0.1.12",
      "resolved": "https://registry.npmjs.org/less-middleware/-/less-middleware-0.1.12.tgz",
      "integrity": "sha1-5LwhEz4cYefFdx+ENvFfchN+BDc=",
      "requires": {
        "less": "1.4.2",
        "mkdirp": "0.3.5"
      },
      "dependencies": {
        "less": {
          "version": "1.4.2",
          "resolved": "https://registry.npmjs.org/less/-/less-1.4.2.tgz",
          "integrity": "sha1-t97v6Yo6h77jZEEbPfLR7+WkEtA=",
          "requires": {
            "mime": "1.2.11",
            "mkdirp": "0.3.5",
            "request": "2.69.0",
            "ycssmin": "1.0.1"
          },
          "dependencies": {
            "mime": {
              "version": "1.2.11",
              "resolved": "https://registry.npmjs.org/mime/-/mime-1.2.11.tgz",
              "integrity": "sha1-WCA+7Ybjpe8XrtK32evUfwpg3RA=",
              "optional": true
            },
            "request": {
              "version": "2.69.0",
              "resolved": "https://registry.npmjs.org/request/-/request-2.69.0.tgz",
              "integrity": "sha1-z5HS4AB1KxIXFVwAUkGRGZGiNGo=",
              "optional": true,
              "requires": {
                "aws-sign2": "0.6.0",
                "aws4": "1.3.2",
                "bl": "1.0.3",
                "caseless": "0.11.0",
                "combined-stream": "1.0.5",
                "extend": "3.0.0",
                "forever-agent": "0.6.1",
                "form-data": "1.0.0-rc3",
                "har-validator": "2.0.6",
                "hawk": "3.1.3",
                "http-signature": "1.1.1",
                "is-typedarray": "1.0.0",
                "isstream": "0.1.2",
                "json-stringify-safe": "5.0.1",
                "mime-types": "2.1.10",
                "node-uuid": "1.4.7",
                "oauth-sign": "0.8.1",
                "qs": "6.0.2",
                "stringstream": "0.0.5",
                "tough-cookie": "2.2.2",
                "tunnel-agent": "0.4.2"
              },
              "dependencies": {
                "aws-sign2": {
                  "version": "0.6.0",
                  "resolved": "https://registry.npmjs.org/aws-sign2/-/aws-sign2-0.6.0.tgz",
                  "integrity": "sha1-FDQt0428yU0OW4fXY81jYSwOeU8=",
                  "optional": true
                },
                "aws4": {
                  "version": "1.3.2",
                  "resolved": "https://registry.npmjs.org/aws4/-/aws4-1.3.2.tgz",
                  "integrity": "sha1-054L7kEs7Q6O2Uoj4xTzE6lbn9E=",
                  "optional": true,
                  "requires": {
                    "lru-cache": "4.0.0"
                  },
                  "dependencies": {
                    "lru-cache": {
                      "version": "4.0.0",
                      "resolved": "https://registry.npmjs.org/lru-cache/-/lru-cache-4.0.0.tgz",
                      "integrity": "sha1-tcvwFVbBaWb+vlTO7A+03JDfbCg=",
                      "optional": true,
                      "requires": {
                        "pseudomap": "1.0.2",
                        "yallist": "2.0.0"
                      },
                      "dependencies": {
                        "pseudomap": {
                          "version": "1.0.2",
                          "resolved": "https://registry.npmjs.org/pseudomap/-/pseudomap-1.0.2.tgz",
                          "integrity": "sha1-8FKijacOYYkX7wqKw0wa5aaChrM=",
                          "optional": true
                        },
                        "yallist": {
                          "version": "2.0.0",
                          "resolved": "https://registry.npmjs.org/yallist/-/yallist-2.0.0.tgz",
                          "integrity": "sha1-MGxUODXwnuGkyyO3vOmrNByRzdQ=",
                          "optional": true
                        }
                      }
                    }
                  }
                },
                "bl": {
                  "version": "1.0.3",
                  "resolved": "https://registry.npmjs.org/bl/-/bl-1.0.3.tgz",
                  "integrity": "sha1-/FQhoo/UImA2w7OJGmaiW8ZNIm4=",
                  "optional": true,
                  "requires": {
                    "readable-stream": "2.0.5"
                  },
                  "dependencies": {
                    "readable-stream": {
                      "version": "2.0.5",
                      "resolved": "https://registry.npmjs.org/readable-stream/-/readable-stream-2.0.5.tgz",
                      "integrity": "sha1-okJvjc1FUcd6M/lu3yiGojyClmk=",
                      "optional": true,
                      "requires": {
                        "core-util-is": "1.0.2",
                        "inherits": "2.0.1",
                        "isarray": "0.0.1",
                        "process-nextick-args": "1.0.6",
                        "string_decoder": "0.10.31",
                        "util-deprecate": "1.0.2"
                      },
                      "dependencies": {
                        "core-util-is": {
                          "version": "1.0.2",
                          "resolved": "https://registry.npmjs.org/core-util-is/-/core-util-is-1.0.2.tgz",
                          "integrity": "sha1-tf1UIgqivFq1eqtxQMlAdUUDwac=",
                          "optional": true
                        },
                        "inherits": {
                          "version": "2.0.1",
                          "resolved": "https://registry.npmjs.org/inherits/-/inherits-2.0.1.tgz",
                          "integrity": "sha1-sX0I0ya0Qj5Wjv9xn5GwscvfafE=",
                          "optional": true
                        },
                        "isarray": {
                          "version": "0.0.1",
                          "resolved": "https://registry.npmjs.org/isarray/-/isarray-0.0.1.tgz",
                          "integrity": "sha1-ihis/Kmo9Bd+Cav8YDiTmwXR7t8=",
                          "optional": true
                        },
                        "process-nextick-args": {
                          "version": "1.0.6",
                          "resolved": "https://registry.npmjs.org/process-nextick-args/-/process-nextick-args-1.0.6.tgz",
                          "integrity": "sha1-D5awAc6pCxJZLOVm7bl+wR5pvQU=",
                          "optional": true
                        },
                        "string_decoder": {
                          "version": "0.10.31",
                          "resolved": "https://registry.npmjs.org/string_decoder/-/string_decoder-0.10.31.tgz",
                          "integrity": "sha1-YuIDvEF2bGwoyfyEMB2rHFMQ+pQ=",
                          "optional": true
                        },
                        "util-deprecate": {
                          "version": "1.0.2",
                          "resolved": "https://registry.npmjs.org/util-deprecate/-/util-deprecate-1.0.2.tgz",
                          "integrity": "sha1-RQ1Nyfpw3nMnYvvS1KKJgUGaDM8=",
                          "optional": true
                        }
                      }
                    }
                  }
                },
                "caseless": {
                  "version": "0.11.0",
                  "resolved": "https://registry.npmjs.org/caseless/-/caseless-0.11.0.tgz",
                  "integrity": "sha1-cVuW6phBWTzDMGeSP17GDr2k99c=",
                  "optional": true
                },
                "combined-stream": {
                  "version": "1.0.5",
                  "resolved": "https://registry.npmjs.org/combined-stream/-/combined-stream-1.0.5.tgz",
                  "integrity": "sha1-k4NwpXtKUd6ix3wV1cX9+JUWQAk=",
                  "requires": {
                    "delayed-stream": "1.0.0"
                  },
                  "dependencies": {
                    "delayed-stream": {
                      "version": "1.0.0",
                      "resolved": "https://registry.npmjs.org/delayed-stream/-/delayed-stream-1.0.0.tgz",
                      "integrity": "sha1-3zrhmayt+31ECqrgsp4icrJOxhk="
                    }
                  }
                },
                "extend": {
                  "version": "3.0.0",
                  "resolved": "https://registry.npmjs.org/extend/-/extend-3.0.0.tgz",
                  "integrity": "sha1-WkdDU7nzNT3dgXbf03uRyDpG8dQ=",
                  "optional": true
                },
                "forever-agent": {
                  "version": "0.6.1",
                  "resolved": "https://registry.npmjs.org/forever-agent/-/forever-agent-0.6.1.tgz",
                  "integrity": "sha1-+8cfDEGt6zf5bFd60e1C2P2sypE=",
                  "optional": true
                },
                "form-data": {
                  "version": "1.0.0-rc3",
                  "resolved": "https://registry.npmjs.org/form-data/-/form-data-1.0.0-rc3.tgz",
                  "integrity": "sha1-01vGLn+8KTeuePlIqqDTjZBgdXc=",
                  "optional": true,
                  "requires": {
                    "async": "1.5.2",
                    "combined-stream": "1.0.5",
                    "mime-types": "2.1.10"
                  },
                  "dependencies": {
                    "async": {
                      "version": "1.5.2",
                      "resolved": "https://registry.npmjs.org/async/-/async-1.5.2.tgz",
                      "integrity": "sha1-7GphrlZIDAw8skHJVhjiCJL5Zyo=",
                      "optional": true
                    }
                  }
                },
                "har-validator": {
                  "version": "2.0.6",
                  "resolved": "https://registry.npmjs.org/har-validator/-/har-validator-2.0.6.tgz",
                  "integrity": "sha1-zcvAgYgmWtEZtqWnyKtw7s+10n0=",
                  "optional": true,
                  "requires": {
                    "chalk": "1.1.1",
                    "commander": "2.9.0",
                    "is-my-json-valid": "2.13.1",
                    "pinkie-promise": "2.0.0"
                  },
                  "dependencies": {
                    "chalk": {
                      "version": "1.1.1",
                      "resolved": "https://registry.npmjs.org/chalk/-/chalk-1.1.1.tgz",
                      "integrity": "sha1-UJr7ZwZudJn36zU1x3RFdyri0Bk=",
                      "optional": true,
                      "requires": {
                        "ansi-styles": "2.2.0",
                        "escape-string-regexp": "1.0.5",
                        "has-ansi": "2.0.0",
                        "strip-ansi": "3.0.1",
                        "supports-color": "2.0.0"
                      },
                      "dependencies": {
                        "ansi-styles": {
                          "version": "2.2.0",
                          "resolved": "https://registry.npmjs.org/ansi-styles/-/ansi-styles-2.2.0.tgz",
                          "integrity": "sha1-xZGRk25u0cExWktra5fzrPv6aLA=",
                          "optional": true,
                          "requires": {
                            "color-convert": "1.0.0"
                          },
                          "dependencies": {
                            "color-convert": {
                              "version": "1.0.0",
                              "resolved": "https://registry.npmjs.org/color-convert/-/color-convert-1.0.0.tgz",
                              "integrity": "sha1-PCb82IXSctRb6s9uQbq6dciahXk=",
                              "optional": true
                            }
                          }
                        },
                        "escape-string-regexp": {
                          "version": "1.0.5",
                          "resolved": "https://registry.npmjs.org/escape-string-regexp/-/escape-string-regexp-1.0.5.tgz",
                          "integrity": "sha1-G2HAViGQqN/2rjuyzwIAyhMLhtQ=",
                          "optional": true
                        },
                        "has-ansi": {
                          "version": "2.0.0",
                          "resolved": "https://registry.npmjs.org/has-ansi/-/has-ansi-2.0.0.tgz",
                          "integrity": "sha1-NPUEnOHs3ysGSa8+8k5F7TVBbZE=",
                          "optional": true,
                          "requires": {
                            "ansi-regex": "2.0.0"
                          },
                          "dependencies": {
                            "ansi-regex": {
                              "version": "2.0.0",
                              "resolved": "https://registry.npmjs.org/ansi-regex/-/ansi-regex-2.0.0.tgz",
                              "integrity": "sha1-xQYbbg74qBd15Q9dZhUb9r83EQc=",
                              "optional": true
                            }
                          }
                        },
                        "strip-ansi": {
                          "version": "3.0.1",
                          "resolved": "https://registry.npmjs.org/strip-ansi/-/strip-ansi-3.0.1.tgz",
                          "integrity": "sha1-ajhfuIU9lS1f8F0Oiq+UJ43GPc8=",
                          "optional": true,
                          "requires": {
                            "ansi-regex": "2.0.0"
                          },
                          "dependencies": {
                            "ansi-regex": {
                              "version": "2.0.0",
                              "resolved": "https://registry.npmjs.org/ansi-regex/-/ansi-regex-2.0.0.tgz",
                              "integrity": "sha1-xQYbbg74qBd15Q9dZhUb9r83EQc=",
                              "optional": true
                            }
                          }
                        },
                        "supports-color": {
                          "version": "2.0.0",
                          "resolved": "https://registry.npmjs.org/supports-color/-/supports-color-2.0.0.tgz",
                          "integrity": "sha1-U10EXOa2Nj+kARcIRimZXp3zJMc=",
                          "optional": true
                        }
                      }
                    },
                    "commander": {
                      "version": "2.9.0",
                      "resolved": "https://registry.npmjs.org/commander/-/commander-2.9.0.tgz",
                      "integrity": "sha1-nJkJQXbhIkDLItbFFGCYQA/g99Q=",
                      "optional": true,
                      "requires": {
                        "graceful-readlink": "1.0.1"
                      },
                      "dependencies": {
                        "graceful-readlink": {
                          "version": "1.0.1",
                          "resolved": "https://registry.npmjs.org/graceful-readlink/-/graceful-readlink-1.0.1.tgz",
                          "integrity": "sha1-TK+tdrxi8C+gObL5Tpo906ORpyU=",
                          "optional": true
                        }
                      }
                    },
                    "is-my-json-valid": {
                      "version": "2.13.1",
                      "resolved": "https://registry.npmjs.org/is-my-json-valid/-/is-my-json-valid-2.13.1.tgz",
                      "integrity": "sha1-1Vd4qC/rawlj/0vhEdXRaE6JBwc=",
                      "optional": true,
                      "requires": {
                        "generate-function": "2.0.0",
                        "generate-object-property": "1.2.0",
                        "jsonpointer": "2.0.0",
                        "xtend": "4.0.1"
                      },
                      "dependencies": {
                        "generate-function": {
                          "version": "2.0.0",
                          "resolved": "https://registry.npmjs.org/generate-function/-/generate-function-2.0.0.tgz",
                          "integrity": "sha1-aFj+fAlpt9TpCTM3ZHrHn2DfvnQ=",
                          "optional": true
                        },
                        "generate-object-property": {
                          "version": "1.2.0",
                          "resolved": "https://registry.npmjs.org/generate-object-property/-/generate-object-property-1.2.0.tgz",
                          "integrity": "sha1-nA4cQDCM6AT0eDYYuTf6iPmdUNA=",
                          "optional": true,
                          "requires": {
                            "is-property": "1.0.2"
                          }
                        },
                        "jsonpointer": {
                          "version": "2.0.0",
                          "resolved": "https://registry.npmjs.org/jsonpointer/-/jsonpointer-2.0.0.tgz",
                          "integrity": "sha1-OvHdIP6FRjkQ1GmjheMwF9KgMNk=",
                          "optional": true
                        },
                        "xtend": {
                          "version": "4.0.1",
                          "resolved": "https://registry.npmjs.org/xtend/-/xtend-4.0.1.tgz",
                          "integrity": "sha1-pcbVMr5lbiPbgg77lDofBJmNY68=",
                          "optional": true
                        }
                      }
                    },
                    "pinkie-promise": {
                      "version": "2.0.0",
                      "resolved": "https://registry.npmjs.org/pinkie-promise/-/pinkie-promise-2.0.0.tgz",
                      "integrity": "sha1-TINTjeH25mDCngoTRGhE96foglk=",
                      "optional": true,
                      "requires": {
                        "pinkie": "2.0.4"
                      },
                      "dependencies": {
                        "pinkie": {
                          "version": "2.0.4",
                          "resolved": "https://registry.npmjs.org/pinkie/-/pinkie-2.0.4.tgz",
                          "integrity": "sha1-clVrgM+g1IqXToDnckjoDtT3+HA=",
                          "optional": true
                        }
                      }
                    }
                  }
                },
                "hawk": {
                  "version": "3.1.3",
                  "resolved": "https://registry.npmjs.org/hawk/-/hawk-3.1.3.tgz",
                  "integrity": "sha1-B4REvXwWQLD+VA0sm3PVlnjo4cQ=",
                  "optional": true,
                  "requires": {
                    "boom": "2.10.1",
                    "cryptiles": "2.0.5",
                    "hoek": "2.16.3",
                    "sntp": "1.0.9"
                  },
                  "dependencies": {
                    "boom": {
                      "version": "2.10.1",
                      "resolved": "https://registry.npmjs.org/boom/-/boom-2.10.1.tgz",
                      "integrity": "sha1-OciRjO/1eZ+D+UkqhI9iWt0Mdm8=",
                      "requires": {
                        "hoek": "2.16.3"
                      }
                    },
                    "cryptiles": {
                      "version": "2.0.5",
                      "resolved": "https://registry.npmjs.org/cryptiles/-/cryptiles-2.0.5.tgz",
                      "integrity": "sha1-O9/s3GCBR8HGcgL6KR59ylnqo7g=",
                      "optional": true,
                      "requires": {
                        "boom": "2.10.1"
                      }
                    },
                    "hoek": {
                      "version": "2.16.3",
                      "resolved": "https://registry.npmjs.org/hoek/-/hoek-2.16.3.tgz",
                      "integrity": "sha1-ILt0A9POo5jpHcRxCo/xuCdKJe0="
                    },
                    "sntp": {
                      "version": "1.0.9",
                      "resolved": "https://registry.npmjs.org/sntp/-/sntp-1.0.9.tgz",
                      "integrity": "sha1-ZUEYTMkK7qbG57NeJlkIJEPGYZg=",
                      "optional": true,
                      "requires": {
                        "hoek": "2.16.3"
                      }
                    }
                  }
                },
                "http-signature": {
                  "version": "1.1.1",
                  "resolved": "https://registry.npmjs.org/http-signature/-/http-signature-1.1.1.tgz",
                  "integrity": "sha1-33LiZwZs0Kxn+3at+OE0qPvPkb8=",
                  "optional": true,
                  "requires": {
                    "assert-plus": "0.2.0",
                    "jsprim": "1.2.2",
                    "sshpk": "1.7.4"
                  },
                  "dependencies": {
                    "assert-plus": {
                      "version": "0.2.0",
                      "resolved": "https://registry.npmjs.org/assert-plus/-/assert-plus-0.2.0.tgz",
                      "integrity": "sha1-104bh+ev/A24qttwIfP+SBAasjQ="
                    },
                    "jsprim": {
                      "version": "1.2.2",
                      "resolved": "https://registry.npmjs.org/jsprim/-/jsprim-1.2.2.tgz",
                      "integrity": "sha1-8gyQaskqvVjjt5rIvHCkiDJRLaE=",
                      "optional": true,
                      "requires": {
                        "extsprintf": "1.0.2",
                        "json-schema": "0.2.2",
                        "verror": "1.3.6"
                      },
                      "dependencies": {
                        "extsprintf": {
                          "version": "1.0.2",
                          "resolved": "https://registry.npmjs.org/extsprintf/-/extsprintf-1.0.2.tgz",
                          "integrity": "sha1-4QgOBljjALBilJkMxw4VAiNf1VA="
                        },
                        "json-schema": {
                          "version": "0.2.2",
                          "resolved": "https://registry.npmjs.org/json-schema/-/json-schema-0.2.2.tgz",
                          "integrity": "sha1-UDVPGfYDkXxpX3C4Wvp3w7DyNQY=",
                          "optional": true
                        },
                        "verror": {
                          "version": "1.3.6",
                          "resolved": "https://registry.npmjs.org/verror/-/verror-1.3.6.tgz",
                          "integrity": "sha1-z/XfEpRtKX0rqu+qJoniW+AcAFw=",
                          "optional": true,
                          "requires": {
                            "extsprintf": "1.0.2"
                          }
                        }
                      }
                    },
                    "sshpk": {
                      "version": "1.7.4",
                      "resolved": "https://registry.npmjs.org/sshpk/-/sshpk-1.7.4.tgz",
                      "integrity": "sha1-rXtH3vymHIQV2WQkO2KwzmD7yjg=",
                      "optional": true,
                      "requires": {
                        "asn1": "0.2.3",
                        "assert-plus": "0.2.0",
                        "dashdash": "1.13.0",
                        "ecc-jsbn": "0.1.1",
                        "jodid25519": "1.0.2",
                        "jsbn": "0.1.0",
                        "tweetnacl": "0.14.1"
                      },
                      "dependencies": {
                        "asn1": {
                          "version": "0.2.3",
                          "resolved": "https://registry.npmjs.org/asn1/-/asn1-0.2.3.tgz",
                          "integrity": "sha1-2sh4dxPJlmhJ/IGAd36+nB3fO4Y=",
                          "optional": true
                        },
                        "dashdash": {
                          "version": "1.13.0",
                          "resolved": "https://registry.npmjs.org/dashdash/-/dashdash-1.13.0.tgz",
                          "integrity": "sha1-parm/Z2OFWYk6w3ZJZ6xK6JFOFo=",
                          "optional": true,
                          "requires": {
                            "assert-plus": "1.0.0"
                          },
                          "dependencies": {
                            "assert-plus": {
                              "version": "1.0.0",
                              "resolved": "https://registry.npmjs.org/assert-plus/-/assert-plus-1.0.0.tgz",
                              "integrity": "sha1-8S4PPF13sLHN2RRpQuTpbB5N1SU=",
                              "optional": true
                            }
                          }
                        },
                        "ecc-jsbn": {
                          "version": "0.1.1",
                          "resolved": "https://registry.npmjs.org/ecc-jsbn/-/ecc-jsbn-0.1.1.tgz",
                          "integrity": "sha1-D8c6ntXw1Tw4GTOYUj735UN3dQU=",
                          "optional": true,
                          "requires": {
                            "jsbn": "0.1.0"
                          }
                        },
                        "jodid25519": {
                          "version": "1.0.2",
                          "resolved": "https://registry.npmjs.org/jodid25519/-/jodid25519-1.0.2.tgz",
                          "integrity": "sha1-BtSRIlUJNBlHfUJWM2BuDpB4KWc=",
                          "optional": true,
                          "requires": {
                            "jsbn": "0.1.0"
                          }
                        },
                        "jsbn": {
                          "version": "0.1.0",
                          "resolved": "https://registry.npmjs.org/jsbn/-/jsbn-0.1.0.tgz",
                          "integrity": "sha1-ZQmH2g3XT06/WhE3eiqi0nPpff0=",
                          "optional": true
                        },
                        "tweetnacl": {
                          "version": "0.14.1",
                          "resolved": "https://registry.npmjs.org/tweetnacl/-/tweetnacl-0.14.1.tgz",
                          "integrity": "sha1-N8ah+1zUtjt6zuRQ2EGdnAAkzAM=",
                          "optional": true
                        }
                      }
                    }
                  }
                },
                "is-typedarray": {
                  "version": "1.0.0",
                  "resolved": "https://registry.npmjs.org/is-typedarray/-/is-typedarray-1.0.0.tgz",
                  "integrity": "sha1-5HnICFjfDBsR3dppQPlgEfzaSpo=",
                  "optional": true
                },
                "isstream": {
                  "version": "0.1.2",
                  "resolved": "https://registry.npmjs.org/isstream/-/isstream-0.1.2.tgz",
                  "integrity": "sha1-R+Y/evVa+m+S4VAOaQ64uFKcCZo=",
                  "optional": true
                },
                "json-stringify-safe": {
                  "version": "5.0.1",
                  "resolved": "https://registry.npmjs.org/json-stringify-safe/-/json-stringify-safe-5.0.1.tgz",
                  "integrity": "sha1-Epai1Y/UXxmg9s4B1lcB4sc1tus=",
                  "optional": true
                },
                "mime-types": {
                  "version": "2.1.10",
                  "resolved": "https://registry.npmjs.org/mime-types/-/mime-types-2.1.10.tgz",
                  "integrity": "sha1-uTx8tDYuFtQQcqflRTj7TUMHCDc=",
                  "requires": {
                    "mime-db": "1.22.0"
                  },
                  "dependencies": {
                    "mime-db": {
                      "version": "1.22.0",
                      "resolved": "https://registry.npmjs.org/mime-db/-/mime-db-1.22.0.tgz",
                      "integrity": "sha1-qyOmNy3J2G09yRIb0OvTgQWhkEo="
                    }
                  }
                },
                "node-uuid": {
                  "version": "1.4.7",
                  "resolved": "https://registry.npmjs.org/node-uuid/-/node-uuid-1.4.7.tgz",
                  "integrity": "sha1-baWhdmjEs91ZYjvaEc9/pMH2Cm8=",
                  "optional": true
                },
                "oauth-sign": {
                  "version": "0.8.1",
                  "resolved": "https://registry.npmjs.org/oauth-sign/-/oauth-sign-0.8.1.tgz",
                  "integrity": "sha1-GCQ5vbkTeL90YOdcZOpD5kSN7wY=",
                  "optional": true
                },
                "qs": {
                  "version": "6.0.2",
                  "resolved": "https://registry.npmjs.org/qs/-/qs-6.0.2.tgz",
                  "integrity": "sha1-iMaNWQ6O1Wx2x581LBe5gkZqv80=",
                  "optional": true
                },
                "stringstream": {
                  "version": "0.0.5",
                  "resolved": "https://registry.npmjs.org/stringstream/-/stringstream-0.0.5.tgz",
                  "integrity": "sha1-TkhM1N5aC7vuGORjB3EKioFiGHg=",
                  "optional": true
                },
                "tough-cookie": {
                  "version": "2.2.2",
                  "resolved": "https://registry.npmjs.org/tough-cookie/-/tough-cookie-2.2.2.tgz",
                  "integrity": "sha1-yDoYMPTl7wuT7yo0iOck+N4Basc=",
                  "optional": true
                },
                "tunnel-agent": {
                  "version": "0.4.2",
                  "resolved": "https://registry.npmjs.org/tunnel-agent/-/tunnel-agent-0.4.2.tgz",
                  "integrity": "sha1-EQTj82rIcSXChycAZ9WC0YEzv+4=",
                  "optional": true
                }
              }
            },
            "ycssmin": {
              "version": "1.0.1",
              "resolved": "https://registry.npmjs.org/ycssmin/-/ycssmin-1.0.1.tgz",
              "integrity": "sha1-fN3o23jPqwDSkBw7IwHjBPr03xY=",
              "optional": true
            }
          }
        },
        "mkdirp": {
          "version": "0.3.5",
          "resolved": "https://registry.npmjs.org/mkdirp/-/mkdirp-0.3.5.tgz",
          "integrity": "sha1-3j5fiWHIjHh+4TaN+EmsRBPsqNc="
        }
      }
    },
    "methods": {
      "version": "0.0.1",
      "resolved": "https://registry.npmjs.org/methods/-/methods-0.0.1.tgz",
      "integrity": "sha1-J3yQ+L7zlwlkWoNxxRw7bGSOBow="
    },
    "mime": {
      "version": "1.2.11",
      "resolved": "https://registry.npmjs.org/mime/-/mime-1.2.11.tgz",
      "integrity": "sha1-WCA+7Ybjpe8XrtK32evUfwpg3RA="
    },
    "mkdirp": {
      "version": "0.3.0",
      "resolved": "https://registry.npmjs.org/mkdirp/-/mkdirp-0.3.0.tgz",
      "integrity": "sha1-G79asbqCevI1dRQ0kEJkVfSB/h4="
    },
    "mongodb": {
      "version": "1.3.10",
      "resolved": "https://registry.npmjs.org/mongodb/-/mongodb-1.3.10.tgz",
      "integrity": "sha1-qYC98T2gMiTIjxeP64jdsEe3sts=",
      "requires": {
        "bson": "0.1.9",
        "kerberos": "0.0.19"
      },
      "dependencies": {
        "bson": {
          "version": "0.1.9",
          "resolved": "https://registry.npmjs.org/bson/-/bson-0.1.9.tgz",
          "integrity": "sha1-dSj4Htdw5tYwyowszfU5SkCW2xQ="
        },
        "kerberos": {
          "version": "0.0.19",
          "resolved": "https://registry.npmjs.org/kerberos/-/kerberos-0.0.19.tgz",
          "integrity": "sha1-Sc9gv0n2C9vyPw5Us1nORSk6EwI=",
          "optional": true,
          "requires": {
            "nan": "2.0.9"
          },
          "dependencies": {
            "nan": {
              "version": "2.0.9",
              "resolved": "https://registry.npmjs.org/nan/-/nan-2.0.9.tgz",
              "integrity": "sha1-0Cp3D0Z3iELM65ThfKsx/8cjSgU=",
              "optional": true
            }
          }
        }
      }
    },
    "ms": {
      "version": "2.0.0",
      "resolved": "https://registry.npmjs.org/ms/-/ms-2.0.0.tgz",
      "integrity": "sha1-VgiurfwAvmwpAd9fmGF4jeDVl8g="
    },
    "nopt": {
      "version": "1.0.10",
      "resolved": "https://registry.npmjs.org/nopt/-/nopt-1.0.10.tgz",
      "integrity": "sha1-bd0hvSoxQXuScn3Vhfim83YI6+4=",
      "requires": {
        "abbrev": "1.1.1"
      }
    },
    "pause": {
      "version": "0.0.1",
      "resolved": "https://registry.npmjs.org/pause/-/pause-0.0.1.tgz",
      "integrity": "sha1-HUCLP9t2kjuVQ9lvtMnf1TXZy10="
    },
    "qs": {
      "version": "0.6.5",
      "resolved": "https://registry.npmjs.org/qs/-/qs-0.6.5.tgz",
      "integrity": "sha1-KUsmjksNQlD23eGbO4s0k13/FO8="
    },
    "range-parser": {
      "version": "0.0.4",
      "resolved": "https://registry.npmjs.org/range-parser/-/range-parser-0.0.4.tgz",
      "integrity": "sha1-wEJ//vUcEKy6B4KkbJYC50T/Ygs="
    },
    "send": {
      "version": "0.1.0",
      "resolved": "https://registry.npmjs.org/send/-/send-0.1.0.tgz",
      "integrity": "sha1-z7COvTzsm3/Bo32f+eh1qXHPRkA=",
      "requires": {
        "debug": "3.1.0",
        "fresh": "0.1.0",
        "mime": "1.2.6",
        "range-parser": "0.0.4"
      },
      "dependencies": {
        "mime": {
          "version": "1.2.6",
          "resolved": "https://registry.npmjs.org/mime/-/mime-1.2.6.tgz",
          "integrity": "sha1-sfhsdowCX6h7SAdfFwnyiuryA2U="
        }
      }
    },
    "underscore": {
      "version": "1.4.4",
      "resolved": "https://registry.npmjs.org/underscore/-/underscore-1.4.4.tgz",
      "integrity": "sha1-YaajIBBiKvoHljvzJSA88SI51gQ="
    }
  }
}
